
Microsoft Visual Studio Solution File, Format Version 12.00
# Visual Studio 2012
Project("{FAE04EC0-301F-11D3-BF4B-00C04F79EFBC}") = "MusicRoom", "MusicRoom\MusicRoom.csproj", "{18379639-54E0-4263-A42A-C1021F5D3816}"
EndProject
Project("{FAE04EC0-301F-11D3-BF4B-00C04F79EFBC}") = "UnitTestProject", "UnitTestProject\UnitTestProject.csproj", "{D2B3F8DF-2E28-41F1-996B-B1092135331A}"
EndProject
Global
	GlobalSection(SolutionConfigurationPlatforms) = preSolution
		Debug|Any CPU = Debug|Any CPU
		Release|Any CPU = Release|Any CPU
	EndGlobalSection
	GlobalSection(ProjectConfigurationPlatforms) = postSolution
		{18379639-54E0-4263-A42A-C1021F5D3816}.Debug|Any CPU.ActiveCfg = Debug|Any CPU
		{18379639-54E0-4263-A42A-C1021F5D3816}.Debug|Any CPU.Build.0 = Debug|Any CPU
		{18379639-54E0-4263-A42A-C1021F5D3816}.Release|Any CPU.ActiveCfg = Release|Any CPU
		{18379639-54E0-4263-A42A-C1021F5D3816}.Release|Any CPU.Build.0 = Release|Any CPU
		{D2B3F8DF-2E28-41F1-996B-B1092135331A}.Debug|Any CPU.ActiveCfg = Debug|Any CPU
		{D2B3F8DF-2E28-41F1-996B-B1092135331A}.Debug|Any CPU.Build.0 = Debug|Any CPU
		{D2B3F8DF-2E28-41F1-996B-B1092135331A}.Release|Any CPU.ActiveCfg = Release|Any CPU
		{D2B3F8DF-2E28-41F1-996B-B1092135331A}.Release|Any CPU.Build.0 = Release|Any CPU
	EndGlobalSection
	GlobalSection(SolutionProperties) = preSolution
		HideSolutionNode = FALSE
	EndGlobalSection
EndGlobal
